
Microsoft Visual Studio Solution File, Format Version 12.00
# Visual Studio Version 17
VisualStudioVersion = 17.1.31911.260
MinimumVisualStudioVersion = 15.0.26124.0
Project("{9A19103F-16F7-4668-BE54-9A1E7A4F7556}") = "SmartHub.WebApp", "SmartHub.WebApp\SmartHub.WebApp.csproj", "{262A49AE-37E1-47B2-8526-9E25FBB5CF3C}"
EndProject
Project("{FAE04EC0-301F-11D3-BF4B-00C04F79EFBC}") = "SmartHub.MobileApp.Android", "SmartHub.MobileApp\SmartHub.MobileApp.Android\SmartHub.MobileApp.Android.csproj", "{0ED494F0-B7A4-4BE2-9630-C1F351AEA139}"
EndProject
Project("{9A19103F-16F7-4668-BE54-9A1E7A4F7556}") = "SmartHub.MobileApp", "SmartHub.MobileApp\SmartHub.MobileApp\SmartHub.MobileApp.csproj", "{4E22ED01-A2EA-4273-BB34-E4A15E38BF5B}"
EndProject
Project("{2150E333-8FDC-42A3-9474-1A3956D46DE8}") = "Mobile App", "Mobile App", "{593D0EFC-FAFA-4B73-A2C3-248BB3389D7D}"
EndProject
Project("{9A19103F-16F7-4668-BE54-9A1E7A4F7556}") = "SmartHub.Models", "SmartHub.Models\SmartHub.Models.csproj", "{B90BD784-8561-457C-9057-5BD9E8A6BF0F}"
EndProject
Project("{9A19103F-16F7-4668-BE54-9A1E7A4F7556}") = "SmartHub.Logic", "SmartHub.Logic\SmartHub.Logic.csproj", "{7E07E2F6-9B3D-49DB-A6FA-2D56DEDFCF03}"
EndProject
Project("{9A19103F-16F7-4668-BE54-9A1E7A4F7556}") = "SmartHub.BackgroundWorker", "SmartHub.BackgroundWorker\SmartHub.BackgroundWorker.csproj", "{FB729DA0-266F-482B-8885-FFDA4CFD6D04}"
EndProject
Project("{2150E333-8FDC-42A3-9474-1A3956D46DE8}") = "Others", "Others", "{9FB565C6-5190-446E-B5F3-5FF1F7F359A9}"
	ProjectSection(SolutionItems) = preProject
		TriggerToLan.groovy = TriggerToLan.groovy
	EndProjectSection
EndProject
Project("{9A19103F-16F7-4668-BE54-9A1E7A4F7556}") = "SmartHub.SmartBackgroundWorker", "SmartBackgroundWorker\SmartHub.SmartBackgroundWorker.csproj", "{9C9E650B-CC58-43D3-A442-21FABDC67758}"
EndProject
Project("{2150E333-8FDC-42A3-9474-1A3956D46DE8}") = "Cloud", "Cloud", "{68AFD970-1469-4D76-BC52-037D5AD447D0}"
EndProject
Project("{2150E333-8FDC-42A3-9474-1A3956D46DE8}") = "Background", "Background", "{71F0615A-FA05-4EE3-A16D-9858F2E67B9E}"
EndProject
Project("{2150E333-8FDC-42A3-9474-1A3956D46DE8}") = "Web", "Web", "{5DAFF2F5-08B4-4E2B-9B84-8E83B7C03352}"
EndProject
Project("{2150E333-8FDC-42A3-9474-1A3956D46DE8}") = "Core", "Core", "{90D01111-66C3-4955-B0E9-2BCD284D93EF}"
EndProject
Project("{9A19103F-16F7-4668-BE54-9A1E7A4F7556}") = "SmartHub.BackupAzureFunctions", "BackupAzureFunctions\SmartHub.BackupAzureFunctions.csproj", "{C727358D-5B5C-45BA-88B4-A42C6039788D}"
EndProject
Global
	GlobalSection(SolutionConfigurationPlatforms) = preSolution
		Debug|Any CPU = Debug|Any CPU
		Debug|iPhone = Debug|iPhone
		Debug|iPhoneSimulator = Debug|iPhoneSimulator
		Debug|x64 = Debug|x64
		Debug|x86 = Debug|x86
		Release|Any CPU = Release|Any CPU
		Release|iPhone = Release|iPhone
		Release|iPhoneSimulator = Release|iPhoneSimulator
		Release|x64 = Release|x64
		Release|x86 = Release|x86
	EndGlobalSection
	GlobalSection(ProjectConfigurationPlatforms) = postSolution
		{262A49AE-37E1-47B2-8526-9E25FBB5CF3C}.Debug|Any CPU.ActiveCfg = Debug|Any CPU
		{262A49AE-37E1-47B2-8526-9E25FBB5CF3C}.Debug|Any CPU.Build.0 = Debug|Any CPU
		{262A49AE-37E1-47B2-8526-9E25FBB5CF3C}.Debug|iPhone.ActiveCfg = Debug|Any CPU
		{262A49AE-37E1-47B2-8526-9E25FBB5CF3C}.Debug|iPhone.Build.0 = Debug|Any CPU
		{262A49AE-37E1-47B2-8526-9E25FBB5CF3C}.Debug|iPhoneSimulator.ActiveCfg = Debug|Any CPU
		{262A49AE-37E1-47B2-8526-9E25FBB5CF3C}.Debug|iPhoneSimulator.Build.0 = Debug|Any CPU
		{262A49AE-37E1-47B2-8526-9E25FBB5CF3C}.Debug|x64.ActiveCfg = Debug|Any CPU
		{262A49AE-37E1-47B2-8526-9E25FBB5CF3C}.Debug|x64.Build.0 = Debug|Any CPU
		{262A49AE-37E1-47B2-8526-9E25FBB5CF3C}.Debug|x86.ActiveCfg = Debug|Any CPU
		{262A49AE-37E1-47B2-8526-9E25FBB5CF3C}.Debug|x86.Build.0 = Debug|Any CPU
		{262A49AE-37E1-47B2-8526-9E25FBB5CF3C}.Release|Any CPU.ActiveCfg = Release|Any CPU
		{262A49AE-37E1-47B2-8526-9E25FBB5CF3C}.Release|Any CPU.Build.0 = Release|Any CPU
		{262A49AE-37E1-47B2-8526-9E25FBB5CF3C}.Release|iPhone.ActiveCfg = Release|Any CPU
		{262A49AE-37E1-47B2-8526-9E25FBB5CF3C}.Release|iPhone.Build.0 = Release|Any CPU
		{262A49AE-37E1-47B2-8526-9E25FBB5CF3C}.Release|iPhoneSimulator.ActiveCfg = Release|Any CPU
		{262A49AE-37E1-47B2-8526-9E25FBB5CF3C}.Release|iPhoneSimulator.Build.0 = Release|Any CPU
		{262A49AE-37E1-47B2-8526-9E25FBB5CF3C}.Release|x64.ActiveCfg = Release|Any CPU
		{262A49AE-37E1-47B2-8526-9E25FBB5CF3C}.Release|x64.Build.0 = Release|Any CPU
		{262A49AE-37E1-47B2-8526-9E25FBB5CF3C}.Release|x86.ActiveCfg = Release|Any CPU
		{262A49AE-37E1-47B2-8526-9E25FBB5CF3C}.Release|x86.Build.0 = Release|Any CPU
		{0ED494F0-B7A4-4BE2-9630-C1F351AEA139}.Debug|Any CPU.ActiveCfg = Debug|Any CPU
		{0ED494F0-B7A4-4BE2-9630-C1F351AEA139}.Debug|Any CPU.Build.0 = Debug|Any CPU
		{0ED494F0-B7A4-4BE2-9630-C1F351AEA139}.Debug|Any CPU.Deploy.0 = Debug|Any CPU
		{0ED494F0-B7A4-4BE2-9630-C1F351AEA139}.Debug|iPhone.ActiveCfg = Debug|Any CPU
		{0ED494F0-B7A4-4BE2-9630-C1F351AEA139}.Debug|iPhone.Build.0 = Debug|Any CPU
		{0ED494F0-B7A4-4BE2-9630-C1F351AEA139}.Debug|iPhone.Deploy.0 = Debug|Any CPU
		{0ED494F0-B7A4-4BE2-9630-C1F351AEA139}.Debug|iPhoneSimulator.ActiveCfg = Debug|Any CPU
		{0ED494F0-B7A4-4BE2-9630-C1F351AEA139}.Debug|iPhoneSimulator.Build.0 = Debug|Any CPU
		{0ED494F0-B7A4-4BE2-9630-C1F351AEA139}.Debug|iPhoneSimulator.Deploy.0 = Debug|Any CPU
		{0ED494F0-B7A4-4BE2-9630-C1F351AEA139}.Debug|x64.ActiveCfg = Debug|Any CPU
		{0ED494F0-B7A4-4BE2-9630-C1F351AEA139}.Debug|x64.Build.0 = Debug|Any CPU
		{0ED494F0-B7A4-4BE2-9630-C1F351AEA139}.Debug|x64.Deploy.0 = Debug|Any CPU
		{0ED494F0-B7A4-4BE2-9630-C1F351AEA139}.Debug|x86.ActiveCfg = Debug|Any CPU
		{0ED494F0-B7A4-4BE2-9630-C1F351AEA139}.Debug|x86.Build.0 = Debug|Any CPU
		{0ED494F0-B7A4-4BE2-9630-C1F351AEA139}.Debug|x86.Deploy.0 = Debug|Any CPU
		{0ED494F0-B7A4-4BE2-9630-C1F351AEA139}.Release|Any CPU.ActiveCfg = Release|Any CPU
		{0ED494F0-B7A4-4BE2-9630-C1F351AEA139}.Release|Any CPU.Build.0 = Release|Any CPU
		{0ED494F0-B7A4-4BE2-9630-C1F351AEA139}.Release|Any CPU.Deploy.0 = Release|Any CPU
		{0ED494F0-B7A4-4BE2-9630-C1F351AEA139}.Release|iPhone.ActiveCfg = Release|Any CPU
		{0ED494F0-B7A4-4BE2-9630-C1F351AEA139}.Release|iPhone.Build.0 = Release|Any CPU
		{0ED494F0-B7A4-4BE2-9630-C1F351AEA139}.Release|iPhone.Deploy.0 = Release|Any CPU
		{0ED494F0-B7A4-4BE2-9630-C1F351AEA139}.Release|iPhoneSimulator.ActiveCfg = Release|Any CPU
		{0ED494F0-B7A4-4BE2-9630-C1F351AEA139}.Release|iPhoneSimulator.Build.0 = Release|Any CPU
		{0ED494F0-B7A4-4BE2-9630-C1F351AEA139}.Release|iPhoneSimulator.Deploy.0 = Release|Any CPU
		{0ED494F0-B7A4-4BE2-9630-C1F351AEA139}.Release|x64.ActiveCfg = Release|Any CPU
		{0ED494F0-B7A4-4BE2-9630-C1F351AEA139}.Release|x64.Build.0 = Release|Any CPU
		{0ED494F0-B7A4-4BE2-9630-C1F351AEA139}.Release|x64.Deploy.0 = Release|Any CPU
		{0ED494F0-B7A4-4BE2-9630-C1F351AEA139}.Release|x86.ActiveCfg = Release|Any CPU
		{0ED494F0-B7A4-4BE2-9630-C1F351AEA139}.Release|x86.Build.0 = Release|Any CPU
		{0ED494F0-B7A4-4BE2-9630-C1F351AEA139}.Release|x86.Deploy.0 = Release|Any CPU
		{4E22ED01-A2EA-4273-BB34-E4A15E38BF5B}.Debug|Any CPU.ActiveCfg = Debug|Any CPU
		{4E22ED01-A2EA-4273-BB34-E4A15E38BF5B}.Debug|Any CPU.Build.0 = Debug|Any CPU
		{4E22ED01-A2EA-4273-BB34-E4A15E38BF5B}.Debug|iPhone.ActiveCfg = Debug|Any CPU
		{4E22ED01-A2EA-4273-BB34-E4A15E38BF5B}.Debug|iPhone.Build.0 = Debug|Any CPU
		{4E22ED01-A2EA-4273-BB34-E4A15E38BF5B}.Debug|iPhoneSimulator.ActiveCfg = Debug|Any CPU
		{4E22ED01-A2EA-4273-BB34-E4A15E38BF5B}.Debug|iPhoneSimulator.Build.0 = Debug|Any CPU
		{4E22ED01-A2EA-4273-BB34-E4A15E38BF5B}.Debug|x64.ActiveCfg = Debug|Any CPU
		{4E22ED01-A2EA-4273-BB34-E4A15E38BF5B}.Debug|x64.Build.0 = Debug|Any CPU
		{4E22ED01-A2EA-4273-BB34-E4A15E38BF5B}.Debug|x86.ActiveCfg = Debug|Any CPU
		{4E22ED01-A2EA-4273-BB34-E4A15E38BF5B}.Debug|x86.Build.0 = Debug|Any CPU
		{4E22ED01-A2EA-4273-BB34-E4A15E38BF5B}.Release|Any CPU.ActiveCfg = Release|Any CPU
		{4E22ED01-A2EA-4273-BB34-E4A15E38BF5B}.Release|Any CPU.Build.0 = Release|Any CPU
		{4E22ED01-A2EA-4273-BB34-E4A15E38BF5B}.Release|iPhone.ActiveCfg = Release|Any CPU
		{4E22ED01-A2EA-4273-BB34-E4A15E38BF5B}.Release|iPhone.Build.0 = Release|Any CPU
		{4E22ED01-A2EA-4273-BB34-E4A15E38BF5B}.Release|iPhoneSimulator.ActiveCfg = Release|Any CPU
		{4E22ED01-A2EA-4273-BB34-E4A15E38BF5B}.Release|iPhoneSimulator.Build.0 = Release|Any CPU
		{4E22ED01-A2EA-4273-BB34-E4A15E38BF5B}.Release|x64.ActiveCfg = Release|Any CPU
		{4E22ED01-A2EA-4273-BB34-E4A15E38BF5B}.Release|x64.Build.0 = Release|Any CPU
		{4E22ED01-A2EA-4273-BB34-E4A15E38BF5B}.Release|x86.ActiveCfg = Release|Any CPU
		{4E22ED01-A2EA-4273-BB34-E4A15E38BF5B}.Release|x86.Build.0 = Release|Any CPU
		{B90BD784-8561-457C-9057-5BD9E8A6BF0F}.Debug|Any CPU.ActiveCfg = Debug|Any CPU
		{B90BD784-8561-457C-9057-5BD9E8A6BF0F}.Debug|Any CPU.Build.0 = Debug|Any CPU
		{B90BD784-8561-457C-9057-5BD9E8A6BF0F}.Debug|iPhone.ActiveCfg = Debug|Any CPU
		{B90BD784-8561-457C-9057-5BD9E8A6BF0F}.Debug|iPhone.Build.0 = Debug|Any CPU
		{B90BD784-8561-457C-9057-5BD9E8A6BF0F}.Debug|iPhoneSimulator.ActiveCfg = Debug|Any CPU
		{B90BD784-8561-457C-9057-5BD9E8A6BF0F}.Debug|iPhoneSimulator.Build.0 = Debug|Any CPU
		{B90BD784-8561-457C-9057-5BD9E8A6BF0F}.Debug|x64.ActiveCfg = Debug|Any CPU
		{B90BD784-8561-457C-9057-5BD9E8A6BF0F}.Debug|x64.Build.0 = Debug|Any CPU
		{B90BD784-8561-457C-9057-5BD9E8A6BF0F}.Debug|x86.ActiveCfg = Debug|Any CPU
		{B90BD784-8561-457C-9057-5BD9E8A6BF0F}.Debug|x86.Build.0 = Debug|Any CPU
		{B90BD784-8561-457C-9057-5BD9E8A6BF0F}.Release|Any CPU.ActiveCfg = Release|Any CPU
		{B90BD784-8561-457C-9057-5BD9E8A6BF0F}.Release|Any CPU.Build.0 = Release|Any CPU
		{B90BD784-8561-457C-9057-5BD9E8A6BF0F}.Release|iPhone.ActiveCfg = Release|Any CPU
		{B90BD784-8561-457C-9057-5BD9E8A6BF0F}.Release|iPhone.Build.0 = Release|Any CPU
		{B90BD784-8561-457C-9057-5BD9E8A6BF0F}.Release|iPhoneSimulator.ActiveCfg = Release|Any CPU
		{B90BD784-8561-457C-9057-5BD9E8A6BF0F}.Release|iPhoneSimulator.Build.0 = Release|Any CPU
		{B90BD784-8561-457C-9057-5BD9E8A6BF0F}.Release|x64.ActiveCfg = Release|Any CPU
		{B90BD784-8561-457C-9057-5BD9E8A6BF0F}.Release|x64.Build.0 = Release|Any CPU
		{B90BD784-8561-457C-9057-5BD9E8A6BF0F}.Release|x86.ActiveCfg = Release|Any CPU
		{B90BD784-8561-457C-9057-5BD9E8A6BF0F}.Release|x86.Build.0 = Release|Any CPU
		{7E07E2F6-9B3D-49DB-A6FA-2D56DEDFCF03}.Debug|Any CPU.ActiveCfg = Debug|Any CPU
		{7E07E2F6-9B3D-49DB-A6FA-2D56DEDFCF03}.Debug|Any CPU.Build.0 = Debug|Any CPU
		{7E07E2F6-9B3D-49DB-A6FA-2D56DEDFCF03}.Debug|iPhone.ActiveCfg = Debug|Any CPU
		{7E07E2F6-9B3D-49DB-A6FA-2D56DEDFCF03}.Debug|iPhone.Build.0 = Debug|Any CPU
		{7E07E2F6-9B3D-49DB-A6FA-2D56DEDFCF03}.Debug|iPhoneSimulator.ActiveCfg = Debug|Any CPU
		{7E07E2F6-9B3D-49DB-A6FA-2D56DEDFCF03}.Debug|iPhoneSimulator.Build.0 = Debug|Any CPU
		{7E07E2F6-9B3D-49DB-A6FA-2D56DEDFCF03}.Debug|x64.ActiveCfg = Debug|Any CPU
		{7E07E2F6-9B3D-49DB-A6FA-2D56DEDFCF03}.Debug|x64.Build.0 = Debug|Any CPU
		{7E07E2F6-9B3D-49DB-A6FA-2D56DEDFCF03}.Debug|x86.ActiveCfg = Debug|Any CPU
		{7E07E2F6-9B3D-49DB-A6FA-2D56DEDFCF03}.Debug|x86.Build.0 = Debug|Any CPU
		{7E07E2F6-9B3D-49DB-A6FA-2D56DEDFCF03}.Release|Any CPU.ActiveCfg = Release|Any CPU
		{7E07E2F6-9B3D-49DB-A6FA-2D56DEDFCF03}.Release|Any CPU.Build.0 = Release|Any CPU
		{7E07E2F6-9B3D-49DB-A6FA-2D56DEDFCF03}.Release|iPhone.ActiveCfg = Release|Any CPU
		{7E07E2F6-9B3D-49DB-A6FA-2D56DEDFCF03}.Release|iPhone.Build.0 = Release|Any CPU
		{7E07E2F6-9B3D-49DB-A6FA-2D56DEDFCF03}.Release|iPhoneSimulator.ActiveCfg = Release|Any CPU
		{7E07E2F6-9B3D-49DB-A6FA-2D56DEDFCF03}.Release|iPhoneSimulator.Build.0 = Release|Any CPU
		{7E07E2F6-9B3D-49DB-A6FA-2D56DEDFCF03}.Release|x64.ActiveCfg = Release|Any CPU
		{7E07E2F6-9B3D-49DB-A6FA-2D56DEDFCF03}.Release|x64.Build.0 = Release|Any CPU
		{7E07E2F6-9B3D-49DB-A6FA-2D56DEDFCF03}.Release|x86.ActiveCfg = Release|Any CPU
		{7E07E2F6-9B3D-49DB-A6FA-2D56DEDFCF03}.Release|x86.Build.0 = Release|Any CPU
		{FB729DA0-266F-482B-8885-FFDA4CFD6D04}.Debug|Any CPU.ActiveCfg = Debug|Any CPU
		{FB729DA0-266F-482B-8885-FFDA4CFD6D04}.Debug|Any CPU.Build.0 = Debug|Any CPU
		{FB729DA0-266F-482B-8885-FFDA4CFD6D04}.Debug|iPhone.ActiveCfg = Debug|Any CPU
		{FB729DA0-266F-482B-8885-FFDA4CFD6D04}.Debug|iPhone.Build.0 = Debug|Any CPU
		{FB729DA0-266F-482B-8885-FFDA4CFD6D04}.Debug|iPhoneSimulator.ActiveCfg = Debug|Any CPU
		{FB729DA0-266F-482B-8885-FFDA4CFD6D04}.Debug|iPhoneSimulator.Build.0 = Debug|Any CPU
		{FB729DA0-266F-482B-8885-FFDA4CFD6D04}.Debug|x64.ActiveCfg = Debug|Any CPU
		{FB729DA0-266F-482B-8885-FFDA4CFD6D04}.Debug|x64.Build.0 = Debug|Any CPU
		{FB729DA0-266F-482B-8885-FFDA4CFD6D04}.Debug|x86.ActiveCfg = Debug|Any CPU
		{FB729DA0-266F-482B-8885-FFDA4CFD6D04}.Debug|x86.Build.0 = Debug|Any CPU
		{FB729DA0-266F-482B-8885-FFDA4CFD6D04}.Release|Any CPU.ActiveCfg = Release|Any CPU
		{FB729DA0-266F-482B-8885-FFDA4CFD6D04}.Release|Any CPU.Build.0 = Release|Any CPU
		{FB729DA0-266F-482B-8885-FFDA4CFD6D04}.Release|iPhone.ActiveCfg = Release|Any CPU
		{FB729DA0-266F-482B-8885-FFDA4CFD6D04}.Release|iPhone.Build.0 = Release|Any CPU
		{FB729DA0-266F-482B-8885-FFDA4CFD6D04}.Release|iPhoneSimulator.ActiveCfg = Release|Any CPU
		{FB729DA0-266F-482B-8885-FFDA4CFD6D04}.Release|iPhoneSimulator.Build.0 = Release|Any CPU
		{FB729DA0-266F-482B-8885-FFDA4CFD6D04}.Release|x64.ActiveCfg = Release|Any CPU
		{FB729DA0-266F-482B-8885-FFDA4CFD6D04}.Release|x64.Build.0 = Release|Any CPU
		{FB729DA0-266F-482B-8885-FFDA4CFD6D04}.Release|x86.ActiveCfg = Release|Any CPU
		{FB729DA0-266F-482B-8885-FFDA4CFD6D04}.Release|x86.Build.0 = Release|Any CPU
		{9C9E650B-CC58-43D3-A442-21FABDC67758}.Debug|Any CPU.ActiveCfg = Debug|Any CPU
		{9C9E650B-CC58-43D3-A442-21FABDC67758}.Debug|Any CPU.Build.0 = Debug|Any CPU
		{9C9E650B-CC58-43D3-A442-21FABDC67758}.Debug|iPhone.ActiveCfg = Debug|Any CPU
		{9C9E650B-CC58-43D3-A442-21FABDC67758}.Debug|iPhone.Build.0 = Debug|Any CPU
		{9C9E650B-CC58-43D3-A442-21FABDC67758}.Debug|iPhoneSimulator.ActiveCfg = Debug|Any CPU
		{9C9E650B-CC58-43D3-A442-21FABDC67758}.Debug|iPhoneSimulator.Build.0 = Debug|Any CPU
		{9C9E650B-CC58-43D3-A442-21FABDC67758}.Debug|x64.ActiveCfg = Debug|Any CPU
		{9C9E650B-CC58-43D3-A442-21FABDC67758}.Debug|x64.Build.0 = Debug|Any CPU
		{9C9E650B-CC58-43D3-A442-21FABDC67758}.Debug|x86.ActiveCfg = Debug|Any CPU
		{9C9E650B-CC58-43D3-A442-21FABDC67758}.Debug|x86.Build.0 = Debug|Any CPU
		{9C9E650B-CC58-43D3-A442-21FABDC67758}.Release|Any CPU.ActiveCfg = Release|Any CPU
		{9C9E650B-CC58-43D3-A442-21FABDC67758}.Release|Any CPU.Build.0 = Release|Any CPU
		{9C9E650B-CC58-43D3-A442-21FABDC67758}.Release|iPhone.ActiveCfg = Release|Any CPU
		{9C9E650B-CC58-43D3-A442-21FABDC67758}.Release|iPhone.Build.0 = Release|Any CPU
		{9C9E650B-CC58-43D3-A442-21FABDC67758}.Release|iPhoneSimulator.ActiveCfg = Release|Any CPU
		{9C9E650B-CC58-43D3-A442-21FABDC67758}.Release|iPhoneSimulator.Build.0 = Release|Any CPU
		{9C9E650B-CC58-43D3-A442-21FABDC67758}.Release|x64.ActiveCfg = Release|Any CPU
		{9C9E650B-CC58-43D3-A442-21FABDC67758}.Release|x64.Build.0 = Release|Any CPU
		{9C9E650B-CC58-43D3-A442-21FABDC67758}.Release|x86.ActiveCfg = Release|Any CPU
		{9C9E650B-CC58-43D3-A442-21FABDC67758}.Release|x86.Build.0 = Release|Any CPU
		{C727358D-5B5C-45BA-88B4-A42C6039788D}.Debug|Any CPU.ActiveCfg = Debug|Any CPU
		{C727358D-5B5C-45BA-88B4-A42C6039788D}.Debug|Any CPU.Build.0 = Debug|Any CPU
		{C727358D-5B5C-45BA-88B4-A42C6039788D}.Debug|iPhone.ActiveCfg = Debug|Any CPU
		{C727358D-5B5C-45BA-88B4-A42C6039788D}.Debug|iPhone.Build.0 = Debug|Any CPU
		{C727358D-5B5C-45BA-88B4-A42C6039788D}.Debug|iPhoneSimulator.ActiveCfg = Debug|Any CPU
		{C727358D-5B5C-45BA-88B4-A42C6039788D}.Debug|iPhoneSimulator.Build.0 = Debug|Any CPU
		{C727358D-5B5C-45BA-88B4-A42C6039788D}.Debug|x64.ActiveCfg = Debug|Any CPU
		{C727358D-5B5C-45BA-88B4-A42C6039788D}.Debug|x64.Build.0 = Debug|Any CPU
		{C727358D-5B5C-45BA-88B4-A42C6039788D}.Debug|x86.ActiveCfg = Debug|Any CPU
		{C727358D-5B5C-45BA-88B4-A42C6039788D}.Debug|x86.Build.0 = Debug|Any CPU
		{C727358D-5B5C-45BA-88B4-A42C6039788D}.Release|Any CPU.ActiveCfg = Release|Any CPU
		{C727358D-5B5C-45BA-88B4-A42C6039788D}.Release|Any CPU.Build.0 = Release|Any CPU
		{C727358D-5B5C-45BA-88B4-A42C6039788D}.Release|iPhone.ActiveCfg = Release|Any CPU
		{C727358D-5B5C-45BA-88B4-A42C6039788D}.Release|iPhone.Build.0 = Release|Any CPU
		{C727358D-5B5C-45BA-88B4-A42C6039788D}.Release|iPhoneSimulator.ActiveCfg = Release|Any CPU
		{C727358D-5B5C-45BA-88B4-A42C6039788D}.Release|iPhoneSimulator.Build.0 = Release|Any CPU
		{C727358D-5B5C-45BA-88B4-A42C6039788D}.Release|x64.ActiveCfg = Release|Any CPU
		{C727358D-5B5C-45BA-88B4-A42C6039788D}.Release|x64.Build.0 = Release|Any CPU
		{C727358D-5B5C-45BA-88B4-A42C6039788D}.Release|x86.ActiveCfg = Release|Any CPU
		{C727358D-5B5C-45BA-88B4-A42C6039788D}.Release|x86.Build.0 = Release|Any CPU
	EndGlobalSection
	GlobalSection(SolutionProperties) = preSolution
		HideSolutionNode = FALSE
	EndGlobalSection
	GlobalSection(NestedProjects) = preSolution
		{262A49AE-37E1-47B2-8526-9E25FBB5CF3C} = {5DAFF2F5-08B4-4E2B-9B84-8E83B7C03352}
		{0ED494F0-B7A4-4BE2-9630-C1F351AEA139} = {593D0EFC-FAFA-4B73-A2C3-248BB3389D7D}
		{4E22ED01-A2EA-4273-BB34-E4A15E38BF5B} = {593D0EFC-FAFA-4B73-A2C3-248BB3389D7D}
		{B90BD784-8561-457C-9057-5BD9E8A6BF0F} = {90D01111-66C3-4955-B0E9-2BCD284D93EF}
		{7E07E2F6-9B3D-49DB-A6FA-2D56DEDFCF03} = {90D01111-66C3-4955-B0E9-2BCD284D93EF}
		{FB729DA0-266F-482B-8885-FFDA4CFD6D04} = {71F0615A-FA05-4EE3-A16D-9858F2E67B9E}
		{9C9E650B-CC58-43D3-A442-21FABDC67758} = {71F0615A-FA05-4EE3-A16D-9858F2E67B9E}
		{C727358D-5B5C-45BA-88B4-A42C6039788D} = {68AFD970-1469-4D76-BC52-037D5AD447D0}
	EndGlobalSection
	GlobalSection(ExtensibilityGlobals) = postSolution
		SolutionGuid = {FBBD0B55-D71C-4E7B-A872-2111D5C5C837}
	EndGlobalSection
EndGlobal
