
Microsoft Visual Studio Solution File, Format Version 12.00
# Visual Studio Version 16
VisualStudioVersion = 16.0.30516.212
MinimumVisualStudioVersion = 15.0.26124.0
Project("{9A19103F-16F7-4668-BE54-9A1E7A4F7556}") = "SmartHub.WebApp", "SmartHub.WebApp\SmartHub.WebApp.csproj", "{262A49AE-37E1-47B2-8526-9E25FBB5CF3C}"
EndProject
Project("{FAE04EC0-301F-11D3-BF4B-00C04F79EFBC}") = "SmartHub.MobileApp.Android", "SmartHub.MobileApp\SmartHub.MobileApp.Android\SmartHub.MobileApp.Android.csproj", "{0ED494F0-B7A4-4BE2-9630-C1F351AEA139}"
EndProject
Project("{FAE04EC0-301F-11D3-BF4B-00C04F79EFBC}") = "SmartHub.MobileApp", "SmartHub.MobileApp\SmartHub.MobileApp\SmartHub.MobileApp.csproj", "{4E22ED01-A2EA-4273-BB34-E4A15E38BF5B}"
EndProject
Project("{2150E333-8FDC-42A3-9474-1A3956D46DE8}") = "Mobile App", "Mobile App", "{593D0EFC-FAFA-4B73-A2C3-248BB3389D7D}"
EndProject
Project("{FAE04EC0-301F-11D3-BF4B-00C04F79EFBC}") = "SmartHub.Models", "SmartHub.Models\SmartHub.Models.csproj", "{B90BD784-8561-457C-9057-5BD9E8A6BF0F}"
EndProject
Global
	GlobalSection(SolutionConfigurationPlatforms) = preSolution
		Debug|Any CPU = Debug|Any CPU
		Debug|iPhone = Debug|iPhone
		Debug|iPhoneSimulator = Debug|iPhoneSimulator
		Debug|x64 = Debug|x64
		Debug|x86 = Debug|x86
		Release|Any CPU = Release|Any CPU
		Release|iPhone = Release|iPhone
		Release|iPhoneSimulator = Release|iPhoneSimulator
		Release|x64 = Release|x64
		Release|x86 = Release|x86
	EndGlobalSection
	GlobalSection(ProjectConfigurationPlatforms) = postSolution
		{262A49AE-37E1-47B2-8526-9E25FBB5CF3C}.Debug|Any CPU.ActiveCfg = Debug|Any CPU
		{262A49AE-37E1-47B2-8526-9E25FBB5CF3C}.Debug|Any CPU.Build.0 = Debug|Any CPU
		{262A49AE-37E1-47B2-8526-9E25FBB5CF3C}.Debug|iPhone.ActiveCfg = Debug|Any CPU
		{262A49AE-37E1-47B2-8526-9E25FBB5CF3C}.Debug|iPhone.Build.0 = Debug|Any CPU
		{262A49AE-37E1-47B2-8526-9E25FBB5CF3C}.Debug|iPhoneSimulator.ActiveCfg = Debug|Any CPU
		{262A49AE-37E1-47B2-8526-9E25FBB5CF3C}.Debug|iPhoneSimulator.Build.0 = Debug|Any CPU
		{262A49AE-37E1-47B2-8526-9E25FBB5CF3C}.Debug|x64.ActiveCfg = Debug|Any CPU
		{262A49AE-37E1-47B2-8526-9E25FBB5CF3C}.Debug|x64.Build.0 = Debug|Any CPU
		{262A49AE-37E1-47B2-8526-9E25FBB5CF3C}.Debug|x86.ActiveCfg = Debug|Any CPU
		{262A49AE-37E1-47B2-8526-9E25FBB5CF3C}.Debug|x86.Build.0 = Debug|Any CPU
		{262A49AE-37E1-47B2-8526-9E25FBB5CF3C}.Release|Any CPU.ActiveCfg = Release|Any CPU
		{262A49AE-37E1-47B2-8526-9E25FBB5CF3C}.Release|Any CPU.Build.0 = Release|Any CPU
		{262A49AE-37E1-47B2-8526-9E25FBB5CF3C}.Release|iPhone.ActiveCfg = Release|Any CPU
		{262A49AE-37E1-47B2-8526-9E25FBB5CF3C}.Release|iPhone.Build.0 = Release|Any CPU
		{262A49AE-37E1-47B2-8526-9E25FBB5CF3C}.Release|iPhoneSimulator.ActiveCfg = Release|Any CPU
		{262A49AE-37E1-47B2-8526-9E25FBB5CF3C}.Release|iPhoneSimulator.Build.0 = Release|Any CPU
		{262A49AE-37E1-47B2-8526-9E25FBB5CF3C}.Release|x64.ActiveCfg = Release|Any CPU
		{262A49AE-37E1-47B2-8526-9E25FBB5CF3C}.Release|x64.Build.0 = Release|Any CPU
		{262A49AE-37E1-47B2-8526-9E25FBB5CF3C}.Release|x86.ActiveCfg = Release|Any CPU
		{262A49AE-37E1-47B2-8526-9E25FBB5CF3C}.Release|x86.Build.0 = Release|Any CPU
		{0ED494F0-B7A4-4BE2-9630-C1F351AEA139}.Debug|Any CPU.ActiveCfg = Debug|Any CPU
		{0ED494F0-B7A4-4BE2-9630-C1F351AEA139}.Debug|Any CPU.Build.0 = Debug|Any CPU
		{0ED494F0-B7A4-4BE2-9630-C1F351AEA139}.Debug|Any CPU.Deploy.0 = Debug|Any CPU
		{0ED494F0-B7A4-4BE2-9630-C1F351AEA139}.Debug|iPhone.ActiveCfg = Debug|Any CPU
		{0ED494F0-B7A4-4BE2-9630-C1F351AEA139}.Debug|iPhone.Build.0 = Debug|Any CPU
		{0ED494F0-B7A4-4BE2-9630-C1F351AEA139}.Debug|iPhone.Deploy.0 = Debug|Any CPU
		{0ED494F0-B7A4-4BE2-9630-C1F351AEA139}.Debug|iPhoneSimulator.ActiveCfg = Debug|Any CPU
		{0ED494F0-B7A4-4BE2-9630-C1F351AEA139}.Debug|iPhoneSimulator.Build.0 = Debug|Any CPU
		{0ED494F0-B7A4-4BE2-9630-C1F351AEA139}.Debug|iPhoneSimulator.Deploy.0 = Debug|Any CPU
		{0ED494F0-B7A4-4BE2-9630-C1F351AEA139}.Debug|x64.ActiveCfg = Debug|Any CPU
		{0ED494F0-B7A4-4BE2-9630-C1F351AEA139}.Debug|x64.Build.0 = Debug|Any CPU
		{0ED494F0-B7A4-4BE2-9630-C1F351AEA139}.Debug|x64.Deploy.0 = Debug|Any CPU
		{0ED494F0-B7A4-4BE2-9630-C1F351AEA139}.Debug|x86.ActiveCfg = Debug|Any CPU
		{0ED494F0-B7A4-4BE2-9630-C1F351AEA139}.Debug|x86.Build.0 = Debug|Any CPU
		{0ED494F0-B7A4-4BE2-9630-C1F351AEA139}.Debug|x86.Deploy.0 = Debug|Any CPU
		{0ED494F0-B7A4-4BE2-9630-C1F351AEA139}.Release|Any CPU.ActiveCfg = Release|Any CPU
		{0ED494F0-B7A4-4BE2-9630-C1F351AEA139}.Release|Any CPU.Build.0 = Release|Any CPU
		{0ED494F0-B7A4-4BE2-9630-C1F351AEA139}.Release|Any CPU.Deploy.0 = Release|Any CPU
		{0ED494F0-B7A4-4BE2-9630-C1F351AEA139}.Release|iPhone.ActiveCfg = Release|Any CPU
		{0ED494F0-B7A4-4BE2-9630-C1F351AEA139}.Release|iPhone.Build.0 = Release|Any CPU
		{0ED494F0-B7A4-4BE2-9630-C1F351AEA139}.Release|iPhone.Deploy.0 = Release|Any CPU
		{0ED494F0-B7A4-4BE2-9630-C1F351AEA139}.Release|iPhoneSimulator.ActiveCfg = Release|Any CPU
		{0ED494F0-B7A4-4BE2-9630-C1F351AEA139}.Release|iPhoneSimulator.Build.0 = Release|Any CPU
		{0ED494F0-B7A4-4BE2-9630-C1F351AEA139}.Release|iPhoneSimulator.Deploy.0 = Release|Any CPU
		{0ED494F0-B7A4-4BE2-9630-C1F351AEA139}.Release|x64.ActiveCfg = Release|Any CPU
		{0ED494F0-B7A4-4BE2-9630-C1F351AEA139}.Release|x64.Build.0 = Release|Any CPU
		{0ED494F0-B7A4-4BE2-9630-C1F351AEA139}.Release|x64.Deploy.0 = Release|Any CPU
		{0ED494F0-B7A4-4BE2-9630-C1F351AEA139}.Release|x86.ActiveCfg = Release|Any CPU
		{0ED494F0-B7A4-4BE2-9630-C1F351AEA139}.Release|x86.Build.0 = Release|Any CPU
		{0ED494F0-B7A4-4BE2-9630-C1F351AEA139}.Release|x86.Deploy.0 = Release|Any CPU
		{4E22ED01-A2EA-4273-BB34-E4A15E38BF5B}.Debug|Any CPU.ActiveCfg = Debug|Any CPU
		{4E22ED01-A2EA-4273-BB34-E4A15E38BF5B}.Debug|Any CPU.Build.0 = Debug|Any CPU
		{4E22ED01-A2EA-4273-BB34-E4A15E38BF5B}.Debug|iPhone.ActiveCfg = Debug|Any CPU
		{4E22ED01-A2EA-4273-BB34-E4A15E38BF5B}.Debug|iPhone.Build.0 = Debug|Any CPU
		{4E22ED01-A2EA-4273-BB34-E4A15E38BF5B}.Debug|iPhoneSimulator.ActiveCfg = Debug|Any CPU
		{4E22ED01-A2EA-4273-BB34-E4A15E38BF5B}.Debug|iPhoneSimulator.Build.0 = Debug|Any CPU
		{4E22ED01-A2EA-4273-BB34-E4A15E38BF5B}.Debug|x64.ActiveCfg = Debug|Any CPU
		{4E22ED01-A2EA-4273-BB34-E4A15E38BF5B}.Debug|x64.Build.0 = Debug|Any CPU
		{4E22ED01-A2EA-4273-BB34-E4A15E38BF5B}.Debug|x86.ActiveCfg = Debug|Any CPU
		{4E22ED01-A2EA-4273-BB34-E4A15E38BF5B}.Debug|x86.Build.0 = Debug|Any CPU
		{4E22ED01-A2EA-4273-BB34-E4A15E38BF5B}.Release|Any CPU.ActiveCfg = Release|Any CPU
		{4E22ED01-A2EA-4273-BB34-E4A15E38BF5B}.Release|Any CPU.Build.0 = Release|Any CPU
		{4E22ED01-A2EA-4273-BB34-E4A15E38BF5B}.Release|iPhone.ActiveCfg = Release|Any CPU
		{4E22ED01-A2EA-4273-BB34-E4A15E38BF5B}.Release|iPhone.Build.0 = Release|Any CPU
		{4E22ED01-A2EA-4273-BB34-E4A15E38BF5B}.Release|iPhoneSimulator.ActiveCfg = Release|Any CPU
		{4E22ED01-A2EA-4273-BB34-E4A15E38BF5B}.Release|iPhoneSimulator.Build.0 = Release|Any CPU
		{4E22ED01-A2EA-4273-BB34-E4A15E38BF5B}.Release|x64.ActiveCfg = Release|Any CPU
		{4E22ED01-A2EA-4273-BB34-E4A15E38BF5B}.Release|x64.Build.0 = Release|Any CPU
		{4E22ED01-A2EA-4273-BB34-E4A15E38BF5B}.Release|x86.ActiveCfg = Release|Any CPU
		{4E22ED01-A2EA-4273-BB34-E4A15E38BF5B}.Release|x86.Build.0 = Release|Any CPU
		{B90BD784-8561-457C-9057-5BD9E8A6BF0F}.Debug|Any CPU.ActiveCfg = Debug|Any CPU
		{B90BD784-8561-457C-9057-5BD9E8A6BF0F}.Debug|Any CPU.Build.0 = Debug|Any CPU
		{B90BD784-8561-457C-9057-5BD9E8A6BF0F}.Debug|iPhone.ActiveCfg = Debug|Any CPU
		{B90BD784-8561-457C-9057-5BD9E8A6BF0F}.Debug|iPhone.Build.0 = Debug|Any CPU
		{B90BD784-8561-457C-9057-5BD9E8A6BF0F}.Debug|iPhoneSimulator.ActiveCfg = Debug|Any CPU
		{B90BD784-8561-457C-9057-5BD9E8A6BF0F}.Debug|iPhoneSimulator.Build.0 = Debug|Any CPU
		{B90BD784-8561-457C-9057-5BD9E8A6BF0F}.Debug|x64.ActiveCfg = Debug|Any CPU
		{B90BD784-8561-457C-9057-5BD9E8A6BF0F}.Debug|x64.Build.0 = Debug|Any CPU
		{B90BD784-8561-457C-9057-5BD9E8A6BF0F}.Debug|x86.ActiveCfg = Debug|Any CPU
		{B90BD784-8561-457C-9057-5BD9E8A6BF0F}.Debug|x86.Build.0 = Debug|Any CPU
		{B90BD784-8561-457C-9057-5BD9E8A6BF0F}.Release|Any CPU.ActiveCfg = Release|Any CPU
		{B90BD784-8561-457C-9057-5BD9E8A6BF0F}.Release|Any CPU.Build.0 = Release|Any CPU
		{B90BD784-8561-457C-9057-5BD9E8A6BF0F}.Release|iPhone.ActiveCfg = Release|Any CPU
		{B90BD784-8561-457C-9057-5BD9E8A6BF0F}.Release|iPhone.Build.0 = Release|Any CPU
		{B90BD784-8561-457C-9057-5BD9E8A6BF0F}.Release|iPhoneSimulator.ActiveCfg = Release|Any CPU
		{B90BD784-8561-457C-9057-5BD9E8A6BF0F}.Release|iPhoneSimulator.Build.0 = Release|Any CPU
		{B90BD784-8561-457C-9057-5BD9E8A6BF0F}.Release|x64.ActiveCfg = Release|Any CPU
		{B90BD784-8561-457C-9057-5BD9E8A6BF0F}.Release|x64.Build.0 = Release|Any CPU
		{B90BD784-8561-457C-9057-5BD9E8A6BF0F}.Release|x86.ActiveCfg = Release|Any CPU
		{B90BD784-8561-457C-9057-5BD9E8A6BF0F}.Release|x86.Build.0 = Release|Any CPU
	EndGlobalSection
	GlobalSection(SolutionProperties) = preSolution
		HideSolutionNode = FALSE
	EndGlobalSection
	GlobalSection(NestedProjects) = preSolution
		{0ED494F0-B7A4-4BE2-9630-C1F351AEA139} = {593D0EFC-FAFA-4B73-A2C3-248BB3389D7D}
		{4E22ED01-A2EA-4273-BB34-E4A15E38BF5B} = {593D0EFC-FAFA-4B73-A2C3-248BB3389D7D}
	EndGlobalSection
	GlobalSection(ExtensibilityGlobals) = postSolution
		SolutionGuid = {FBBD0B55-D71C-4E7B-A872-2111D5C5C837}
	EndGlobalSection
EndGlobal
